
Microsoft Visual Studio Solution File, Format Version 12.00
# Visual Studio 2012
Project("{FAE04EC0-301F-11D3-BF4B-00C04F79EFBC}") = "DisBlockchain", "Blockchain\DisBlockchain.csproj", "{568462AD-5A26-472F-A0FD-1C14CA8ED357}"
EndProject
Project("{FAE04EC0-301F-11D3-BF4B-00C04F79EFBC}") = "DisBlockchainTests", "DisBlockchain_Tests\DisBlockchainTests.csproj", "{38DF6A39-3EE1-4C89-89AE-59BFE3C8C054}"
EndProject
Global
	GlobalSection(SolutionConfigurationPlatforms) = preSolution
		Debug|Any CPU = Debug|Any CPU
		Release|Any CPU = Release|Any CPU
	EndGlobalSection
	GlobalSection(ProjectConfigurationPlatforms) = postSolution
		{568462AD-5A26-472F-A0FD-1C14CA8ED357}.Debug|Any CPU.ActiveCfg = Debug|Any CPU
		{568462AD-5A26-472F-A0FD-1C14CA8ED357}.Debug|Any CPU.Build.0 = Debug|Any CPU
		{568462AD-5A26-472F-A0FD-1C14CA8ED357}.Release|Any CPU.ActiveCfg = Release|Any CPU
		{568462AD-5A26-472F-A0FD-1C14CA8ED357}.Release|Any CPU.Build.0 = Release|Any CPU
		{38DF6A39-3EE1-4C89-89AE-59BFE3C8C054}.Debug|Any CPU.ActiveCfg = Debug|Any CPU
		{38DF6A39-3EE1-4C89-89AE-59BFE3C8C054}.Debug|Any CPU.Build.0 = Debug|Any CPU
		{38DF6A39-3EE1-4C89-89AE-59BFE3C8C054}.Release|Any CPU.ActiveCfg = Release|Any CPU
		{38DF6A39-3EE1-4C89-89AE-59BFE3C8C054}.Release|Any CPU.Build.0 = Release|Any CPU
	EndGlobalSection
EndGlobal
